// !$*UTF8*$!
{
	archiveVersion = 1;
	classes = {
	};
	objectVersion = 50;
	objects = {

/* Begin PBXBuildFile section */
		4A367D11ACDD546106BD58B5 /* Pods_vector_draw_test.framework in Frameworks */ = {isa = PBXBuildFile; fileRef = BC0C6549644083BE3617960E /* Pods_vector_draw_test.framework */; };
		980BD1A620CDBE12005CDE13 /* VectorDrawView.swift in Sources */ = {isa = PBXBuildFile; fileRef = 980BD1A520CDBE12005CDE13 /* VectorDrawView.swift */; };
		98926ECC20CD86A900CDDAA5 /* AppDelegate.swift in Sources */ = {isa = PBXBuildFile; fileRef = 98926ECB20CD86A900CDDAA5 /* AppDelegate.swift */; };
		98926ECE20CD86A900CDDAA5 /* VectorDrawController.swift in Sources */ = {isa = PBXBuildFile; fileRef = 98926ECD20CD86A900CDDAA5 /* VectorDrawController.swift */; };
		98926ED320CD86A900CDDAA5 /* Assets.xcassets in Resources */ = {isa = PBXBuildFile; fileRef = 98926ED220CD86A900CDDAA5 /* Assets.xcassets */; };
		98926ED620CD86A900CDDAA5 /* LaunchScreen.storyboard in Resources */ = {isa = PBXBuildFile; fileRef = 98926ED420CD86A900CDDAA5 /* LaunchScreen.storyboard */; };
/* End PBXBuildFile section */

/* Begin PBXFileReference section */
		980BD1A520CDBE12005CDE13 /* VectorDrawView.swift */ = {isa = PBXFileReference; lastKnownFileType = sourcecode.swift; path = VectorDrawView.swift; sourceTree = "<group>"; };
		98926EC820CD86A900CDDAA5 /* vector_draw_test.app */ = {isa = PBXFileReference; explicitFileType = wrapper.application; includeInIndex = 0; path = vector_draw_test.app; sourceTree = BUILT_PRODUCTS_DIR; };
		98926ECB20CD86A900CDDAA5 /* AppDelegate.swift */ = {isa = PBXFileReference; lastKnownFileType = sourcecode.swift; path = AppDelegate.swift; sourceTree = "<group>"; };
		98926ECD20CD86A900CDDAA5 /* VectorDrawController.swift */ = {isa = PBXFileReference; lastKnownFileType = sourcecode.swift; path = VectorDrawController.swift; sourceTree = "<group>"; };
		98926ED220CD86A900CDDAA5 /* Assets.xcassets */ = {isa = PBXFileReference; lastKnownFileType = folder.assetcatalog; path = Assets.xcassets; sourceTree = "<group>"; };
		98926ED520CD86A900CDDAA5 /* Base */ = {isa = PBXFileReference; lastKnownFileType = file.storyboard; name = Base; path = Base.lproj/LaunchScreen.storyboard; sourceTree = "<group>"; };
		98926ED720CD86A900CDDAA5 /* Info.plist */ = {isa = PBXFileReference; lastKnownFileType = text.plist.xml; path = Info.plist; sourceTree = "<group>"; };
		B7B28B5D614B1C684EA92084 /* Pods-vector_draw_test.debug.xcconfig */ = {isa = PBXFileReference; includeInIndex = 1; lastKnownFileType = text.xcconfig; name = "Pods-vector_draw_test.debug.xcconfig"; path = "Pods/Target Support Files/Pods-vector_draw_test/Pods-vector_draw_test.debug.xcconfig"; sourceTree = "<group>"; };
		BC0C6549644083BE3617960E /* Pods_vector_draw_test.framework */ = {isa = PBXFileReference; explicitFileType = wrapper.framework; includeInIndex = 0; path = Pods_vector_draw_test.framework; sourceTree = BUILT_PRODUCTS_DIR; };
		CB0B0D87D6288C9B5EB3AB3B /* Pods-vector_draw_test.release.xcconfig */ = {isa = PBXFileReference; includeInIndex = 1; lastKnownFileType = text.xcconfig; name = "Pods-vector_draw_test.release.xcconfig"; path = "Pods/Target Support Files/Pods-vector_draw_test/Pods-vector_draw_test.release.xcconfig"; sourceTree = "<group>"; };
/* End PBXFileReference section */

/* Begin PBXFrameworksBuildPhase section */
		98926EC520CD86A900CDDAA5 /* Frameworks */ = {
			isa = PBXFrameworksBuildPhase;
			buildActionMask = 2147483647;
			files = (
				4A367D11ACDD546106BD58B5 /* Pods_vector_draw_test.framework in Frameworks */,
			);
			runOnlyForDeploymentPostprocessing = 0;
		};
/* End PBXFrameworksBuildPhase section */

/* Begin PBXGroup section */
		30D222B1C6019B932F7348A2 /* Pods */ = {
			isa = PBXGroup;
			children = (
				B7B28B5D614B1C684EA92084 /* Pods-vector_draw_test.debug.xcconfig */,
				CB0B0D87D6288C9B5EB3AB3B /* Pods-vector_draw_test.release.xcconfig */,
			);
			name = Pods;
			sourceTree = "<group>";
		};
		70AB4C1051A5049F3503AF5E /* Frameworks */ = {
			isa = PBXGroup;
			children = (
				BC0C6549644083BE3617960E /* Pods_vector_draw_test.framework */,
			);
			name = Frameworks;
			sourceTree = "<group>";
		};
		98926EBF20CD86A800CDDAA5 = {
			isa = PBXGroup;
			children = (
				98926ECA20CD86A900CDDAA5 /* vector_draw_test */,
				98926EC920CD86A900CDDAA5 /* Products */,
				30D222B1C6019B932F7348A2 /* Pods */,
				70AB4C1051A5049F3503AF5E /* Frameworks */,
			);
			sourceTree = "<group>";
		};
		98926EC920CD86A900CDDAA5 /* Products */ = {
			isa = PBXGroup;
			children = (
				98926EC820CD86A900CDDAA5 /* vector_draw_test.app */,
			);
			name = Products;
			sourceTree = "<group>";
		};
		98926ECA20CD86A900CDDAA5 /* vector_draw_test */ = {
			isa = PBXGroup;
			children = (
				980BD1A520CDBE12005CDE13 /* VectorDrawView.swift */,
				98926ECB20CD86A900CDDAA5 /* AppDelegate.swift */,
				98926ECD20CD86A900CDDAA5 /* VectorDrawController.swift */,
				98926ED220CD86A900CDDAA5 /* Assets.xcassets */,
				98926ED420CD86A900CDDAA5 /* LaunchScreen.storyboard */,
				98926ED720CD86A900CDDAA5 /* Info.plist */,
			);
			path = vector_draw_test;
			sourceTree = "<group>";
		};
/* End PBXGroup section */

/* Begin PBXNativeTarget section */
		98926EC720CD86A900CDDAA5 /* vector_draw_test */ = {
			isa = PBXNativeTarget;
			buildConfigurationList = 98926EDA20CD86A900CDDAA5 /* Build configuration list for PBXNativeTarget "vector_draw_test" */;
			buildPhases = (
				6AA79853FB56DE26CAC2269C /* [CP] Check Pods Manifest.lock */,
				98926EC420CD86A900CDDAA5 /* Sources */,
				98926EC520CD86A900CDDAA5 /* Frameworks */,
				98926EC620CD86A900CDDAA5 /* Resources */,
				A3D69E496FA028B14C1DE6B0 /* [CP] Embed Pods Frameworks */,
			);
			buildRules = (
			);
			dependencies = (
			);
			name = vector_draw_test;
			productName = vector_draw_test;
			productReference = 98926EC820CD86A900CDDAA5 /* vector_draw_test.app */;
			productType = "com.apple.product-type.application";
		};
/* End PBXNativeTarget section */

/* Begin PBXProject section */
		98926EC020CD86A800CDDAA5 /* Project object */ = {
			isa = PBXProject;
			attributes = {
				LastSwiftUpdateCheck = 0940;
				LastUpgradeCheck = 0940;
				ORGANIZATIONNAME = "Abhik Pramanik";
				TargetAttributes = {
					98926EC720CD86A900CDDAA5 = {
						CreatedOnToolsVersion = 9.4;
					};
				};
			};
			buildConfigurationList = 98926EC320CD86A800CDDAA5 /* Build configuration list for PBXProject "vector_draw_test" */;
			compatibilityVersion = "Xcode 9.3";
			developmentRegion = en;
			hasScannedForEncodings = 0;
			knownRegions = (
				en,
				Base,
			);
			mainGroup = 98926EBF20CD86A800CDDAA5;
			productRefGroup = 98926EC920CD86A900CDDAA5 /* Products */;
			projectDirPath = "";
			projectRoot = "";
			targets = (
				98926EC720CD86A900CDDAA5 /* vector_draw_test */,
			);
		};
/* End PBXProject section */

/* Begin PBXResourcesBuildPhase section */
		98926EC620CD86A900CDDAA5 /* Resources */ = {
			isa = PBXResourcesBuildPhase;
			buildActionMask = 2147483647;
			files = (
				98926ED620CD86A900CDDAA5 /* LaunchScreen.storyboard in Resources */,
				98926ED320CD86A900CDDAA5 /* Assets.xcassets in Resources */,
			);
			runOnlyForDeploymentPostprocessing = 0;
		};
/* End PBXResourcesBuildPhase section */

/* Begin PBXShellScriptBuildPhase section */
		6AA79853FB56DE26CAC2269C /* [CP] Check Pods Manifest.lock */ = {
			isa = PBXShellScriptBuildPhase;
			buildActionMask = 2147483647;
			files = (
			);
			inputPaths = (
				"${PODS_PODFILE_DIR_PATH}/Podfile.lock",
				"${PODS_ROOT}/Manifest.lock",
			);
			name = "[CP] Check Pods Manifest.lock";
			outputPaths = (
				"$(DERIVED_FILE_DIR)/Pods-vector_draw_test-checkManifestLockResult.txt",
			);
			runOnlyForDeploymentPostprocessing = 0;
			shellPath = /bin/sh;
			shellScript = "diff \"${PODS_PODFILE_DIR_PATH}/Podfile.lock\" \"${PODS_ROOT}/Manifest.lock\" > /dev/null\nif [ $? != 0 ] ; then\n    # print error to STDERR\n    echo \"error: The sandbox is not in sync with the Podfile.lock. Run 'pod install' or update your CocoaPods installation.\" >&2\n    exit 1\nfi\n# This output is used by Xcode 'outputs' to avoid re-running this script phase.\necho \"SUCCESS\" > \"${SCRIPT_OUTPUT_FILE_0}\"\n";
			showEnvVarsInLog = 0;
		};
		A3D69E496FA028B14C1DE6B0 /* [CP] Embed Pods Frameworks */ = {
			isa = PBXShellScriptBuildPhase;
			buildActionMask = 2147483647;
			files = (
			);
			inputPaths = (
				"${SRCROOT}/Pods/Target Support Files/Pods-vector_draw_test/Pods-vector_draw_test-frameworks.sh",
				"${BUILT_PRODUCTS_DIR}/Macaw/Macaw.framework",
				"${BUILT_PRODUCTS_DIR}/PureLayout/PureLayout.framework",
				"${BUILT_PRODUCTS_DIR}/SWXMLHash/SWXMLHash.framework",
			);
			name = "[CP] Embed Pods Frameworks";
			outputPaths = (
				"${TARGET_BUILD_DIR}/${FRAMEWORKS_FOLDER_PATH}/Macaw.framework",
				"${TARGET_BUILD_DIR}/${FRAMEWORKS_FOLDER_PATH}/PureLayout.framework",
				"${TARGET_BUILD_DIR}/${FRAMEWORKS_FOLDER_PATH}/SWXMLHash.framework",
			);
			runOnlyForDeploymentPostprocessing = 0;
			shellPath = /bin/sh;
			shellScript = "\"${SRCROOT}/Pods/Target Support Files/Pods-vector_draw_test/Pods-vector_draw_test-frameworks.sh\"\n";
			showEnvVarsInLog = 0;
		};
/* End PBXShellScriptBuildPhase section */

/* Begin PBXSourcesBuildPhase section */
		98926EC420CD86A900CDDAA5 /* Sources */ = {
			isa = PBXSourcesBuildPhase;
			buildActionMask = 2147483647;
			files = (
				98926ECE20CD86A900CDDAA5 /* VectorDrawController.swift in Sources */,
				98926ECC20CD86A900CDDAA5 /* AppDelegate.swift in Sources */,
				980BD1A620CDBE12005CDE13 /* VectorDrawView.swift in Sources */,
			);
			runOnlyForDeploymentPostprocessing = 0;
		};
/* End PBXSourcesBuildPhase section */

/* Begin PBXVariantGroup section */
		98926ED420CD86A900CDDAA5 /* LaunchScreen.storyboard */ = {
			isa = PBXVariantGroup;
			children = (
				98926ED520CD86A900CDDAA5 /* Base */,
			);
			name = LaunchScreen.storyboard;
			sourceTree = "<group>";
		};
/* End PBXVariantGroup section */

/* Begin XCBuildConfiguration section */
		98926ED820CD86A900CDDAA5 /* Debug */ = {
			isa = XCBuildConfiguration;
			buildSettings = {
				ALWAYS_SEARCH_USER_PATHS = NO;
				CLANG_ANALYZER_NONNULL = YES;
				CLANG_ANALYZER_NUMBER_OBJECT_CONVERSION = YES_AGGRESSIVE;
				CLANG_CXX_LANGUAGE_STANDARD = "gnu++14";
				CLANG_CXX_LIBRARY = "libc++";
				CLANG_ENABLE_MODULES = YES;
				CLANG_ENABLE_OBJC_ARC = YES;
				CLANG_ENABLE_OBJC_WEAK = YES;
				CLANG_WARN_BLOCK_CAPTURE_AUTORELEASING = YES;
				CLANG_WARN_BOOL_CONVERSION = YES;
				CLANG_WARN_COMMA = YES;
				CLANG_WARN_CONSTANT_CONVERSION = YES;
				CLANG_WARN_DEPRECATED_OBJC_IMPLEMENTATIONS = YES;
				CLANG_WARN_DIRECT_OBJC_ISA_USAGE = YES_ERROR;
				CLANG_WARN_DOCUMENTATION_COMMENTS = YES;
				CLANG_WARN_EMPTY_BODY = YES;
				CLANG_WARN_ENUM_CONVERSION = YES;
				CLANG_WARN_INFINITE_RECURSION = YES;
				CLANG_WARN_INT_CONVERSION = YES;
				CLANG_WARN_NON_LITERAL_NULL_CONVERSION = YES;
				CLANG_WARN_OBJC_IMPLICIT_RETAIN_SELF = YES;
				CLANG_WARN_OBJC_LITERAL_CONVERSION = YES;
				CLANG_WARN_OBJC_ROOT_CLASS = YES_ERROR;
				CLANG_WARN_RANGE_LOOP_ANALYSIS = YES;
				CLANG_WARN_STRICT_PROTOTYPES = YES;
				CLANG_WARN_SUSPICIOUS_MOVE = YES;
				CLANG_WARN_UNGUARDED_AVAILABILITY = YES_AGGRESSIVE;
				CLANG_WARN_UNREACHABLE_CODE = YES;
				CLANG_WARN__DUPLICATE_METHOD_MATCH = YES;
				CODE_SIGN_IDENTITY = "iPhone Developer";
				COPY_PHASE_STRIP = NO;
				DEBUG_INFORMATION_FORMAT = dwarf;
				ENABLE_STRICT_OBJC_MSGSEND = YES;
				ENABLE_TESTABILITY = YES;
				GCC_C_LANGUAGE_STANDARD = gnu11;
				GCC_DYNAMIC_NO_PIC = NO;
				GCC_NO_COMMON_BLOCKS = YES;
				GCC_OPTIMIZATION_LEVEL = 0;
				GCC_PREPROCESSOR_DEFINITIONS = (
					"DEBUG=1",
					"$(inherited)",
				);
				GCC_WARN_64_TO_32_BIT_CONVERSION = YES;
				GCC_WARN_ABOUT_RETURN_TYPE = YES_ERROR;
				GCC_WARN_UNDECLARED_SELECTOR = YES;
				GCC_WARN_UNINITIALIZED_AUTOS = YES_AGGRESSIVE;
				GCC_WARN_UNUSED_FUNCTION = YES;
				GCC_WARN_UNUSED_VARIABLE = YES;
				IPHONEOS_DEPLOYMENT_TARGET = 11.4;
				MTL_ENABLE_DEBUG_INFO = YES;
				ONLY_ACTIVE_ARCH = YES;
				SDKROOT = iphoneos;
				SWIFT_ACTIVE_COMPILATION_CONDITIONS = DEBUG;
				SWIFT_OPTIMIZATION_LEVEL = "-Onone";
			};
			name = Debug;
		};
		98926ED920CD86A900CDDAA5 /* Release */ = {
			isa = XCBuildConfiguration;
			buildSettings = {
				ALWAYS_SEARCH_USER_PATHS = NO;
				CLANG_ANALYZER_NONNULL = YES;
				CLANG_ANALYZER_NUMBER_OBJECT_CONVERSION = YES_AGGRESSIVE;
				CLANG_CXX_LANGUAGE_STANDARD = "gnu++14";
				CLANG_CXX_LIBRARY = "libc++";
				CLANG_ENABLE_MODULES = YES;
				CLANG_ENABLE_OBJC_ARC = YES;
				CLANG_ENABLE_OBJC_WEAK = YES;
				CLANG_WARN_BLOCK_CAPTURE_AUTORELEASING = YES;
				CLANG_WARN_BOOL_CONVERSION = YES;
				CLANG_WARN_COMMA = YES;
				CLANG_WARN_CONSTANT_CONVERSION = YES;
				CLANG_WARN_DEPRECATED_OBJC_IMPLEMENTATIONS = YES;
				CLANG_WARN_DIRECT_OBJC_ISA_USAGE = YES_ERROR;
				CLANG_WARN_DOCUMENTATION_COMMENTS = YES;
				CLANG_WARN_EMPTY_BODY = YES;
				CLANG_WARN_ENUM_CONVERSION = YES;
				CLANG_WARN_INFINITE_RECURSION = YES;
				CLANG_WARN_INT_CONVERSION = YES;
				CLANG_WARN_NON_LITERAL_NULL_CONVERSION = YES;
				CLANG_WARN_OBJC_IMPLICIT_RETAIN_SELF = YES;
				CLANG_WARN_OBJC_LITERAL_CONVERSION = YES;
				CLANG_WARN_OBJC_ROOT_CLASS = YES_ERROR;
				CLANG_WARN_RANGE_LOOP_ANALYSIS = YES;
				CLANG_WARN_STRICT_PROTOTYPES = YES;
				CLANG_WARN_SUSPICIOUS_MOVE = YES;
				CLANG_WARN_UNGUARDED_AVAILABILITY = YES_AGGRESSIVE;
				CLANG_WARN_UNREACHABLE_CODE = YES;
				CLANG_WARN__DUPLICATE_METHOD_MATCH = YES;
				CODE_SIGN_IDENTITY = "iPhone Developer";
				COPY_PHASE_STRIP = NO;
				DEBUG_INFORMATION_FORMAT = "dwarf-with-dsym";
				ENABLE_NS_ASSERTIONS = NO;
				ENABLE_STRICT_OBJC_MSGSEND = YES;
				GCC_C_LANGUAGE_STANDARD = gnu11;
				GCC_NO_COMMON_BLOCKS = YES;
				GCC_WARN_64_TO_32_BIT_CONVERSION = YES;
				GCC_WARN_ABOUT_RETURN_TYPE = YES_ERROR;
				GCC_WARN_UNDECLARED_SELECTOR = YES;
				GCC_WARN_UNINITIALIZED_AUTOS = YES_AGGRESSIVE;
				GCC_WARN_UNUSED_FUNCTION = YES;
				GCC_WARN_UNUSED_VARIABLE = YES;
				IPHONEOS_DEPLOYMENT_TARGET = 11.4;
				MTL_ENABLE_DEBUG_INFO = NO;
				SDKROOT = iphoneos;
				SWIFT_COMPILATION_MODE = wholemodule;
				SWIFT_OPTIMIZATION_LEVEL = "-O";
				VALIDATE_PRODUCT = YES;
			};
			name = Release;
		};
		98926EDB20CD86A900CDDAA5 /* Debug */ = {
			isa = XCBuildConfiguration;
			baseConfigurationReference = B7B28B5D614B1C684EA92084 /* Pods-vector_draw_test.debug.xcconfig */;
			buildSettings = {
				ASSETCATALOG_COMPILER_APPICON_NAME = AppIcon;
				CODE_SIGN_STYLE = Automatic;
				DEVELOPMENT_TEAM = W7HJLJNTYN;
				INFOPLIST_FILE = vector_draw_test/Info.plist;
				LD_RUNPATH_SEARCH_PATHS = (
					"$(inherited)",
					"@executable_path/Frameworks",
				);
				PRODUCT_BUNDLE_IDENTIFIER = "com.abhik.vector-draw";
				PRODUCT_NAME = "$(TARGET_NAME)";
				SWIFT_VERSION = 4.0;
				TARGETED_DEVICE_FAMILY = "1,2";
			};
			name = Debug;
		};
		98926EDC20CD86A900CDDAA5 /* Release */ = {
			isa = XCBuildConfiguration;
			baseConfigurationReference = CB0B0D87D6288C9B5EB3AB3B /* Pods-vector_draw_test.release.xcconfig */;
			buildSettings = {
				ASSETCATALOG_COMPILER_APPICON_NAME = AppIcon;
				CODE_SIGN_STYLE = Automatic;
				DEVELOPMENT_TEAM = W7HJLJNTYN;
				INFOPLIST_FILE = vector_draw_test/Info.plist;
				LD_RUNPATH_SEARCH_PATHS = (
					"$(inherited)",
					"@executable_path/Frameworks",
				);
				PRODUCT_BUNDLE_IDENTIFIER = "com.abhik.vector-draw";
				PRODUCT_NAME = "$(TARGET_NAME)";
				SWIFT_VERSION = 4.0;
				TARGETED_DEVICE_FAMILY = "1,2";
			};
			name = Release;
		};
/* End XCBuildConfiguration section */

/* Begin XCConfigurationList section */
		98926EC320CD86A800CDDAA5 /* Build configuration list for PBXProject "vector_draw_test" */ = {
			isa = XCConfigurationList;
			buildConfigurations = (
				98926ED820CD86A900CDDAA5 /* Debug */,
				98926ED920CD86A900CDDAA5 /* Release */,
			);
			defaultConfigurationIsVisible = 0;
			defaultConfigurationName = Release;
		};
		98926EDA20CD86A900CDDAA5 /* Build configuration list for PBXNativeTarget "vector_draw_test" */ = {
			isa = XCConfigurationList;
			buildConfigurations = (
				98926EDB20CD86A900CDDAA5 /* Debug */,
				98926EDC20CD86A900CDDAA5 /* Release */,
			);
			defaultConfigurationIsVisible = 0;
			defaultConfigurationName = Release;
		};
/* End XCConfigurationList section */
	};
	rootObject = 98926EC020CD86A800CDDAA5 /* Project object */;
}
